
Microsoft Visual Studio Solution File, Format Version 12.00
# Visual Studio Version 16
VisualStudioVersion = 16.0.810.16
MinimumVisualStudioVersion = 10.0.40219.1
Project("{FAE04EC0-301F-11D3-BF4B-00C04F79EFBC}") = "FirstMVCApp", "FirstMVCApp\FirstMVCApp.csproj", "{23757D34-5E99-4BD9-8CA2-BA47D132DE93}"
EndProject
Global
	GlobalSection(SolutionConfigurationPlatforms) = preSolution
		Debug|Any CPU = Debug|Any CPU
		Release|Any CPU = Release|Any CPU
	EndGlobalSection
	GlobalSection(ProjectConfigurationPlatforms) = postSolution
		{23757D34-5E99-4BD9-8CA2-BA47D132DE93}.Debug|Any CPU.ActiveCfg = Debug|Any CPU
		{23757D34-5E99-4BD9-8CA2-BA47D132DE93}.Debug|Any CPU.Build.0 = Debug|Any CPU
		{23757D34-5E99-4BD9-8CA2-BA47D132DE93}.Release|Any CPU.ActiveCfg = Release|Any CPU
		{23757D34-5E99-4BD9-8CA2-BA47D132DE93}.Release|Any CPU.Build.0 = Release|Any CPU
	EndGlobalSection
	GlobalSection(SolutionProperties) = preSolution
		HideSolutionNode = FALSE
	EndGlobalSection
	GlobalSection(ExtensibilityGlobals) = postSolution
		SolutionGuid = {89163856-8E57-4C99-9BF8-53EA1985E640}
	EndGlobalSection
EndGlobal
